
Microsoft Visual Studio Solution File, Format Version 12.00
# Visual Studio Version 17
VisualStudioVersion = 17.0.31903.59
MinimumVisualStudioVersion = 10.0.40219.1
Project("{9A19103F-16F7-4668-BE54-9A1E7A4F7556}") = "BinokelTracker", "BinokelTracker\BinokelTracker.csproj", "{8A3D9C6E-1F2B-4A5D-9E8C-7B6A5D4C3E2F}"
EndProject
Project("{9A19103F-16F7-4668-BE54-9A1E7A4F7556}") = "BinokelTracker.Shared", "BinokelTracker.Shared\BinokelTracker.Shared.csproj", "{A1B2C3D4-E5F6-7890-ABCD-EF1234567890}"
EndProject
Project("{9A19103F-16F7-4668-BE54-9A1E7A4F7556}") = "BinokelTracker.Web", "BinokelTracker.Web\BinokelTracker.Web.csproj", "{B2C3D4E5-F6A7-8901-BCDE-F12345678901}"
EndProject
Project("{9A19103F-16F7-4668-BE54-9A1E7A4F7556}") = "BinokelTracker.Tests", "BinokelTracker.Tests\BinokelTracker.Tests.csproj", "{2AA232DE-1A06-4187-A979-F4D0643CC4B8}"
EndProject
Global
	GlobalSection(SolutionConfigurationPlatforms) = preSolution
		Debug|Any CPU = Debug|Any CPU
		Debug|x64 = Debug|x64
		Debug|x86 = Debug|x86
		Release|Any CPU = Release|Any CPU
		Release|x64 = Release|x64
		Release|x86 = Release|x86
	EndGlobalSection
	GlobalSection(ProjectConfigurationPlatforms) = postSolution
		{8A3D9C6E-1F2B-4A5D-9E8C-7B6A5D4C3E2F}.Debug|Any CPU.ActiveCfg = Debug|Any CPU
		{8A3D9C6E-1F2B-4A5D-9E8C-7B6A5D4C3E2F}.Debug|Any CPU.Build.0 = Debug|Any CPU
		{8A3D9C6E-1F2B-4A5D-9E8C-7B6A5D4C3E2F}.Debug|x64.ActiveCfg = Debug|Any CPU
		{8A3D9C6E-1F2B-4A5D-9E8C-7B6A5D4C3E2F}.Debug|x64.Build.0 = Debug|Any CPU
		{8A3D9C6E-1F2B-4A5D-9E8C-7B6A5D4C3E2F}.Debug|x86.ActiveCfg = Debug|Any CPU
		{8A3D9C6E-1F2B-4A5D-9E8C-7B6A5D4C3E2F}.Debug|x86.Build.0 = Debug|Any CPU
		{8A3D9C6E-1F2B-4A5D-9E8C-7B6A5D4C3E2F}.Release|Any CPU.ActiveCfg = Release|Any CPU
		{8A3D9C6E-1F2B-4A5D-9E8C-7B6A5D4C3E2F}.Release|Any CPU.Build.0 = Release|Any CPU
		{8A3D9C6E-1F2B-4A5D-9E8C-7B6A5D4C3E2F}.Release|x64.ActiveCfg = Release|Any CPU
		{8A3D9C6E-1F2B-4A5D-9E8C-7B6A5D4C3E2F}.Release|x64.Build.0 = Release|Any CPU
		{8A3D9C6E-1F2B-4A5D-9E8C-7B6A5D4C3E2F}.Release|x86.ActiveCfg = Release|Any CPU
		{8A3D9C6E-1F2B-4A5D-9E8C-7B6A5D4C3E2F}.Release|x86.Build.0 = Release|Any CPU
		{A1B2C3D4-E5F6-7890-ABCD-EF1234567890}.Debug|Any CPU.ActiveCfg = Debug|Any CPU
		{A1B2C3D4-E5F6-7890-ABCD-EF1234567890}.Debug|Any CPU.Build.0 = Debug|Any CPU
		{A1B2C3D4-E5F6-7890-ABCD-EF1234567890}.Debug|x64.ActiveCfg = Debug|Any CPU
		{A1B2C3D4-E5F6-7890-ABCD-EF1234567890}.Debug|x64.Build.0 = Debug|Any CPU
		{A1B2C3D4-E5F6-7890-ABCD-EF1234567890}.Debug|x86.ActiveCfg = Debug|Any CPU
		{A1B2C3D4-E5F6-7890-ABCD-EF1234567890}.Debug|x86.Build.0 = Debug|Any CPU
		{A1B2C3D4-E5F6-7890-ABCD-EF1234567890}.Release|Any CPU.ActiveCfg = Release|Any CPU
		{A1B2C3D4-E5F6-7890-ABCD-EF1234567890}.Release|Any CPU.Build.0 = Release|Any CPU
		{A1B2C3D4-E5F6-7890-ABCD-EF1234567890}.Release|x64.ActiveCfg = Release|Any CPU
		{A1B2C3D4-E5F6-7890-ABCD-EF1234567890}.Release|x64.Build.0 = Release|Any CPU
		{A1B2C3D4-E5F6-7890-ABCD-EF1234567890}.Release|x86.ActiveCfg = Release|Any CPU
		{A1B2C3D4-E5F6-7890-ABCD-EF1234567890}.Release|x86.Build.0 = Release|Any CPU
		{B2C3D4E5-F6A7-8901-BCDE-F12345678901}.Debug|Any CPU.ActiveCfg = Debug|Any CPU
		{B2C3D4E5-F6A7-8901-BCDE-F12345678901}.Debug|Any CPU.Build.0 = Debug|Any CPU
		{B2C3D4E5-F6A7-8901-BCDE-F12345678901}.Debug|x64.ActiveCfg = Debug|Any CPU
		{B2C3D4E5-F6A7-8901-BCDE-F12345678901}.Debug|x64.Build.0 = Debug|Any CPU
		{B2C3D4E5-F6A7-8901-BCDE-F12345678901}.Debug|x86.ActiveCfg = Debug|Any CPU
		{B2C3D4E5-F6A7-8901-BCDE-F12345678901}.Debug|x86.Build.0 = Debug|Any CPU
		{B2C3D4E5-F6A7-8901-BCDE-F12345678901}.Release|Any CPU.ActiveCfg = Release|Any CPU
		{B2C3D4E5-F6A7-8901-BCDE-F12345678901}.Release|Any CPU.Build.0 = Release|Any CPU
		{B2C3D4E5-F6A7-8901-BCDE-F12345678901}.Release|x64.ActiveCfg = Release|Any CPU
		{B2C3D4E5-F6A7-8901-BCDE-F12345678901}.Release|x64.Build.0 = Release|Any CPU
		{B2C3D4E5-F6A7-8901-BCDE-F12345678901}.Release|x86.ActiveCfg = Release|Any CPU
		{B2C3D4E5-F6A7-8901-BCDE-F12345678901}.Release|x86.Build.0 = Release|Any CPU
		{2AA232DE-1A06-4187-A979-F4D0643CC4B8}.Debug|Any CPU.ActiveCfg = Debug|Any CPU
		{2AA232DE-1A06-4187-A979-F4D0643CC4B8}.Debug|Any CPU.Build.0 = Debug|Any CPU
		{2AA232DE-1A06-4187-A979-F4D0643CC4B8}.Debug|x64.ActiveCfg = Debug|Any CPU
		{2AA232DE-1A06-4187-A979-F4D0643CC4B8}.Debug|x64.Build.0 = Debug|Any CPU
		{2AA232DE-1A06-4187-A979-F4D0643CC4B8}.Debug|x86.ActiveCfg = Debug|Any CPU
		{2AA232DE-1A06-4187-A979-F4D0643CC4B8}.Debug|x86.Build.0 = Debug|Any CPU
		{2AA232DE-1A06-4187-A979-F4D0643CC4B8}.Release|Any CPU.ActiveCfg = Release|Any CPU
		{2AA232DE-1A06-4187-A979-F4D0643CC4B8}.Release|Any CPU.Build.0 = Release|Any CPU
		{2AA232DE-1A06-4187-A979-F4D0643CC4B8}.Release|x64.ActiveCfg = Release|Any CPU
		{2AA232DE-1A06-4187-A979-F4D0643CC4B8}.Release|x64.Build.0 = Release|Any CPU
		{2AA232DE-1A06-4187-A979-F4D0643CC4B8}.Release|x86.ActiveCfg = Release|Any CPU
		{2AA232DE-1A06-4187-A979-F4D0643CC4B8}.Release|x86.Build.0 = Release|Any CPU
	EndGlobalSection
	GlobalSection(SolutionProperties) = preSolution
		HideSolutionNode = FALSE
	EndGlobalSection
EndGlobal
